// !$*UTF8*$!
{
	archiveVersion = 1;
	classes = {
	};
	objectVersion = 77;
	objects = {

/* Begin PBXBuildFile section */
		6CA6F74F6069D7EF3F3249C7 /* Assets.xcassets in Resources */ = {isa = PBXBuildFile; fileRef = C08A7687C72DFA15E13C480C /* Assets.xcassets */; };
		A4D59E9CEAEF923213C3A073 /* CannonballApp in Frameworks */ = {isa = PBXBuildFile; productRef = C777B6EEFCDFF3E913A2BEFC /* CannonballApp */; };
		A5F566933741C36E42451455 /* ShellApp.swift in Sources */ = {isa = PBXBuildFile; fileRef = CE39C22E690714C676CC75DA /* ShellApp.swift */; };
		FDFE4A2776DD65B651945943 /* Secrets.plist in Resources */ = {isa = PBXBuildFile; fileRef = CBB81CF34B78AD240A526D55 /* Secrets.plist */; };
/* End PBXBuildFile section */

/* Begin PBXFileReference section */
		53ABE487D38C360E62067F44 /* CannonGlobe */ = {isa = PBXFileReference; lastKnownFileType = folder; name = CannonGlobe; path = ..; sourceTree = SOURCE_ROOT; };
		93410B6DE575ED576045EF7D /* CannonballShell.app */ = {isa = PBXFileReference; includeInIndex = 0; lastKnownFileType = wrapper.application; path = CannonballShell.app; sourceTree = BUILT_PRODUCTS_DIR; };
		C08A7687C72DFA15E13C480C /* Assets.xcassets */ = {isa = PBXFileReference; lastKnownFileType = folder.assetcatalog; path = Assets.xcassets; sourceTree = "<group>"; };
		CBB81CF34B78AD240A526D55 /* Secrets.plist */ = {isa = PBXFileReference; lastKnownFileType = text.plist; path = Secrets.plist; sourceTree = "<group>"; };
		CE39C22E690714C676CC75DA /* ShellApp.swift */ = {isa = PBXFileReference; lastKnownFileType = sourcecode.swift; path = ShellApp.swift; sourceTree = "<group>"; };
/* End PBXFileReference section */

/* Begin PBXFrameworksBuildPhase section */
		CCF913FA9B9E87B295890CCF /* Frameworks */ = {
			isa = PBXFrameworksBuildPhase;
			buildActionMask = 2147483647;
			files = (
				A4D59E9CEAEF923213C3A073 /* CannonballApp in Frameworks */,
			);
			runOnlyForDeploymentPostprocessing = 0;
		};
/* End PBXFrameworksBuildPhase section */

/* Begin PBXGroup section */
		3B9896F5152DBB4EADFCEB48 /* Sources */ = {
			isa = PBXGroup;
			children = (
				CE39C22E690714C676CC75DA /* ShellApp.swift */,
			);
			path = Sources;
			sourceTree = "<group>";
		};
		6BAF59234CFB76EEB036DA47 /* Products */ = {
			isa = PBXGroup;
			children = (
				93410B6DE575ED576045EF7D /* CannonballShell.app */,
			);
			name = Products;
			sourceTree = "<group>";
		};
		A53A53BB57A9CFCC2C2AD5E9 = {
			isa = PBXGroup;
			children = (
				C08A7687C72DFA15E13C480C /* Assets.xcassets */,
				CBB81CF34B78AD240A526D55 /* Secrets.plist */,
				FDCB31F589E2BCEEAAF8E41E /* Packages */,
				3B9896F5152DBB4EADFCEB48 /* Sources */,
				6BAF59234CFB76EEB036DA47 /* Products */,
			);
			sourceTree = "<group>";
		};
		FDCB31F589E2BCEEAAF8E41E /* Packages */ = {
			isa = PBXGroup;
			children = (
				53ABE487D38C360E62067F44 /* CannonGlobe */,
			);
			name = Packages;
			sourceTree = "<group>";
		};
/* End PBXGroup section */

/* Begin PBXNativeTarget section */
		028ADABABE3EFCB5697ADABA /* CannonballShell */ = {
			isa = PBXNativeTarget;
			buildConfigurationList = 07AE006BBF6A21A568AE83B7 /* Build configuration list for PBXNativeTarget "CannonballShell" */;
			buildPhases = (
				CB9E7D3EF07496480E6C857C /* Sources */,
				F374352FCDF5845FE0E37588 /* Resources */,
				CCF913FA9B9E87B295890CCF /* Frameworks */,
			);
			buildRules = (
			);
			dependencies = (
			);
			name = CannonballShell;
			packageProductDependencies = (
				C777B6EEFCDFF3E913A2BEFC /* CannonballApp */,
			);
			productName = CannonballShell;
			productReference = 93410B6DE575ED576045EF7D /* CannonballShell.app */;
			productType = "com.apple.product-type.application";
		};
/* End PBXNativeTarget section */

/* Begin PBXProject section */
		E62155BF186C0BE72E3C0178 /* Project object */ = {
			isa = PBXProject;
			attributes = {
				BuildIndependentTargetsInParallel = YES;
				LastUpgradeCheck = 1430;
				TargetAttributes = {
					028ADABABE3EFCB5697ADABA = {
						DevelopmentTeam = 557K654PY5;
						ProvisioningStyle = Automatic;
					};
				};
			};
			buildConfigurationList = 6E8E1368DE32384C658941F0 /* Build configuration list for PBXProject "CannonballShell" */;
			developmentRegion = en;
			hasScannedForEncodings = 0;
			knownRegions = (
				Base,
				en,
			);
			mainGroup = A53A53BB57A9CFCC2C2AD5E9;
			minimizedProjectReferenceProxies = 1;
			packageReferences = (
				D730DDB3C45425261007A81F /* XCLocalSwiftPackageReference ".." */,
			);
			preferredProjectObjectVersion = 77;
			productRefGroup = 6BAF59234CFB76EEB036DA47 /* Products */;
			projectDirPath = "";
			projectRoot = "";
			targets = (
				028ADABABE3EFCB5697ADABA /* CannonballShell */,
			);
		};
/* End PBXProject section */

/* Begin PBXResourcesBuildPhase section */
		F374352FCDF5845FE0E37588 /* Resources */ = {
			isa = PBXResourcesBuildPhase;
			buildActionMask = 2147483647;
			files = (
				6CA6F74F6069D7EF3F3249C7 /* Assets.xcassets in Resources */,
				FDFE4A2776DD65B651945943 /* Secrets.plist in Resources */,
			);
			runOnlyForDeploymentPostprocessing = 0;
		};
/* End PBXResourcesBuildPhase section */

/* Begin PBXSourcesBuildPhase section */
		CB9E7D3EF07496480E6C857C /* Sources */ = {
			isa = PBXSourcesBuildPhase;
			buildActionMask = 2147483647;
			files = (
				A5F566933741C36E42451455 /* ShellApp.swift in Sources */,
			);
			runOnlyForDeploymentPostprocessing = 0;
		};
/* End PBXSourcesBuildPhase section */

/* Begin XCBuildConfiguration section */
		1B589050CB6794D530E56E2F /* Debug */ = {
			isa = XCBuildConfiguration;
			buildSettings = {
				ALWAYS_SEARCH_USER_PATHS = NO;
				CLANG_ANALYZER_NONNULL = YES;
				CLANG_ANALYZER_NUMBER_OBJECT_CONVERSION = YES_AGGRESSIVE;
				CLANG_CXX_LANGUAGE_STANDARD = "gnu++14";
				CLANG_CXX_LIBRARY = "libc++";
				CLANG_ENABLE_MODULES = YES;
				CLANG_ENABLE_OBJC_ARC = YES;
				CLANG_ENABLE_OBJC_WEAK = YES;
				CLANG_WARN_BLOCK_CAPTURE_AUTORELEASING = YES;
				CLANG_WARN_BOOL_CONVERSION = YES;
				CLANG_WARN_COMMA = YES;
				CLANG_WARN_CONSTANT_CONVERSION = YES;
				CLANG_WARN_DEPRECATED_OBJC_IMPLEMENTATIONS = YES;
				CLANG_WARN_DIRECT_OBJC_ISA_USAGE = YES_ERROR;
				CLANG_WARN_DOCUMENTATION_COMMENTS = YES;
				CLANG_WARN_EMPTY_BODY = YES;
				CLANG_WARN_ENUM_CONVERSION = YES;
				CLANG_WARN_INFINITE_RECURSION = YES;
				CLANG_WARN_INT_CONVERSION = YES;
				CLANG_WARN_NON_LITERAL_NULL_CONVERSION = YES;
				CLANG_WARN_OBJC_IMPLICIT_RETAIN_SELF = YES;
				CLANG_WARN_OBJC_LITERAL_CONVERSION = YES;
				CLANG_WARN_OBJC_ROOT_CLASS = YES_ERROR;
				CLANG_WARN_QUOTED_INCLUDE_IN_FRAMEWORK_HEADER = YES;
				CLANG_WARN_RANGE_LOOP_ANALYSIS = YES;
				CLANG_WARN_STRICT_PROTOTYPES = YES;
				CLANG_WARN_SUSPICIOUS_MOVE = YES;
				CLANG_WARN_UNGUARDED_AVAILABILITY = YES_AGGRESSIVE;
				CLANG_WARN_UNREACHABLE_CODE = YES;
				CLANG_WARN__DUPLICATE_METHOD_MATCH = YES;
				COPY_PHASE_STRIP = NO;
				DEBUG_INFORMATION_FORMAT = dwarf;
				ENABLE_STRICT_OBJC_MSGSEND = YES;
				ENABLE_TESTABILITY = YES;
				GCC_C_LANGUAGE_STANDARD = gnu11;
				GCC_DYNAMIC_NO_PIC = NO;
				GCC_NO_COMMON_BLOCKS = YES;
				GCC_OPTIMIZATION_LEVEL = 0;
				GCC_PREPROCESSOR_DEFINITIONS = (
					"$(inherited)",
					"DEBUG=1",
				);
				GCC_WARN_64_TO_32_BIT_CONVERSION = YES;
				GCC_WARN_ABOUT_RETURN_TYPE = YES_ERROR;
				GCC_WARN_UNDECLARED_SELECTOR = YES;
				GCC_WARN_UNINITIALIZED_AUTOS = YES_AGGRESSIVE;
				GCC_WARN_UNUSED_FUNCTION = YES;
				GCC_WARN_UNUSED_VARIABLE = YES;
				IPHONEOS_DEPLOYMENT_TARGET = 17.0;
				MTL_ENABLE_DEBUG_INFO = INCLUDE_SOURCE;
				MTL_FAST_MATH = YES;
				ONLY_ACTIVE_ARCH = YES;
				PRODUCT_NAME = "$(TARGET_NAME)";
				SDKROOT = iphoneos;
				SWIFT_ACTIVE_COMPILATION_CONDITIONS = DEBUG;
				SWIFT_OPTIMIZATION_LEVEL = "-Onone";
				SWIFT_VERSION = 5.0;
			};
			name = Debug;
		};
		8450C7B0C02C07042D2FCE67 /* Debug */ = {
			isa = XCBuildConfiguration;
			buildSettings = {
				ASSETCATALOG_COMPILER_APPICON_NAME = AppIcon;
				CODE_SIGN_IDENTITY = "iPhone Developer";
				CODE_SIGN_STYLE = Automatic;
				CURRENT_PROJECT_VERSION = 2;
				DEVELOPMENT_TEAM = 557K654PY5;
				INFOPLIST_FILE = Info.plist;
				LD_RUNPATH_SEARCH_PATHS = (
					"$(inherited)",
					"@executable_path/Frameworks",
				);
				MARKETING_VERSION = 1.0;
				PRODUCT_BUNDLE_IDENTIFIER = com.spencer.cannonball;
				SDKROOT = iphoneos;
				SWIFT_VERSION = 5.10;
				TARGETED_DEVICE_FAMILY = 1;
			};
			name = Debug;
		};
		92741DA930073031B1E33E56 /* Release */ = {
			isa = XCBuildConfiguration;
			buildSettings = {
				ALWAYS_SEARCH_USER_PATHS = NO;
				CLANG_ANALYZER_NONNULL = YES;
				CLANG_ANALYZER_NUMBER_OBJECT_CONVERSION = YES_AGGRESSIVE;
				CLANG_CXX_LANGUAGE_STANDARD = "gnu++14";
				CLANG_CXX_LIBRARY = "libc++";
				CLANG_ENABLE_MODULES = YES;
				CLANG_ENABLE_OBJC_ARC = YES;
				CLANG_ENABLE_OBJC_WEAK = YES;
				CLANG_WARN_BLOCK_CAPTURE_AUTORELEASING = YES;
				CLANG_WARN_BOOL_CONVERSION = YES;
				CLANG_WARN_COMMA = YES;
				CLANG_WARN_CONSTANT_CONVERSION = YES;
				CLANG_WARN_DEPRECATED_OBJC_IMPLEMENTATIONS = YES;
				CLANG_WARN_DIRECT_OBJC_ISA_USAGE = YES_ERROR;
				CLANG_WARN_DOCUMENTATION_COMMENTS = YES;
				CLANG_WARN_EMPTY_BODY = YES;
				CLANG_WARN_ENUM_CONVERSION = YES;
				CLANG_WARN_INFINITE_RECURSION = YES;
				CLANG_WARN_INT_CONVERSION = YES;
				CLANG_WARN_NON_LITERAL_NULL_CONVERSION = YES;
				CLANG_WARN_OBJC_IMPLICIT_RETAIN_SELF = YES;
				CLANG_WARN_OBJC_LITERAL_CONVERSION = YES;
				CLANG_WARN_OBJC_ROOT_CLASS = YES_ERROR;
				CLANG_WARN_QUOTED_INCLUDE_IN_FRAMEWORK_HEADER = YES;
				CLANG_WARN_RANGE_LOOP_ANALYSIS = YES;
				CLANG_WARN_STRICT_PROTOTYPES = YES;
				CLANG_WARN_SUSPICIOUS_MOVE = YES;
				CLANG_WARN_UNGUARDED_AVAILABILITY = YES_AGGRESSIVE;
				CLANG_WARN_UNREACHABLE_CODE = YES;
				CLANG_WARN__DUPLICATE_METHOD_MATCH = YES;
				COPY_PHASE_STRIP = NO;
				DEBUG_INFORMATION_FORMAT = "dwarf-with-dsym";
				ENABLE_NS_ASSERTIONS = NO;
				ENABLE_STRICT_OBJC_MSGSEND = YES;
				GCC_C_LANGUAGE_STANDARD = gnu11;
				GCC_NO_COMMON_BLOCKS = YES;
				GCC_WARN_64_TO_32_BIT_CONVERSION = YES;
				GCC_WARN_ABOUT_RETURN_TYPE = YES_ERROR;
				GCC_WARN_UNDECLARED_SELECTOR = YES;
				GCC_WARN_UNINITIALIZED_AUTOS = YES_AGGRESSIVE;
				GCC_WARN_UNUSED_FUNCTION = YES;
				GCC_WARN_UNUSED_VARIABLE = YES;
				IPHONEOS_DEPLOYMENT_TARGET = 17.0;
				MTL_ENABLE_DEBUG_INFO = NO;
				MTL_FAST_MATH = YES;
				PRODUCT_NAME = "$(TARGET_NAME)";
				SDKROOT = iphoneos;
				SWIFT_COMPILATION_MODE = wholemodule;
				SWIFT_OPTIMIZATION_LEVEL = "-O";
				SWIFT_VERSION = 5.0;
			};
			name = Release;
		};
		FEC46CC6408C4F6F571A333E /* Release */ = {
			isa = XCBuildConfiguration;
			buildSettings = {
				ASSETCATALOG_COMPILER_APPICON_NAME = AppIcon;
				CODE_SIGN_IDENTITY = "iPhone Developer";
				CODE_SIGN_STYLE = Automatic;
				CURRENT_PROJECT_VERSION = 2;
				DEVELOPMENT_TEAM = 557K654PY5;
				INFOPLIST_FILE = Info.plist;
				LD_RUNPATH_SEARCH_PATHS = (
					"$(inherited)",
					"@executable_path/Frameworks",
				);
				MARKETING_VERSION = 1.0;
				PRODUCT_BUNDLE_IDENTIFIER = com.spencer.cannonball;
				SDKROOT = iphoneos;
				SWIFT_VERSION = 5.10;
				TARGETED_DEVICE_FAMILY = 1;
			};
			name = Release;
		};
/* End XCBuildConfiguration section */

/* Begin XCConfigurationList section */
		07AE006BBF6A21A568AE83B7 /* Build configuration list for PBXNativeTarget "CannonballShell" */ = {
			isa = XCConfigurationList;
			buildConfigurations = (
				8450C7B0C02C07042D2FCE67 /* Debug */,
				FEC46CC6408C4F6F571A333E /* Release */,
			);
			defaultConfigurationIsVisible = 0;
			defaultConfigurationName = Debug;
		};
		6E8E1368DE32384C658941F0 /* Build configuration list for PBXProject "CannonballShell" */ = {
			isa = XCConfigurationList;
			buildConfigurations = (
				1B589050CB6794D530E56E2F /* Debug */,
				92741DA930073031B1E33E56 /* Release */,
			);
			defaultConfigurationIsVisible = 0;
			defaultConfigurationName = Debug;
		};
/* End XCConfigurationList section */

/* Begin XCLocalSwiftPackageReference section */
		D730DDB3C45425261007A81F /* XCLocalSwiftPackageReference ".." */ = {
			isa = XCLocalSwiftPackageReference;
			relativePath = ..;
		};
/* End XCLocalSwiftPackageReference section */

/* Begin XCSwiftPackageProductDependency section */
		C777B6EEFCDFF3E913A2BEFC /* CannonballApp */ = {
			isa = XCSwiftPackageProductDependency;
			productName = CannonballApp;
		};
/* End XCSwiftPackageProductDependency section */
	};
	rootObject = E62155BF186C0BE72E3C0178 /* Project object */;
}
